
Microsoft Visual Studio Solution File, Format Version 12.00
# Visual Studio Version 16
VisualStudioVersion = 16.0.31025.194
MinimumVisualStudioVersion = 10.0.40219.1
Project("{FAE04EC0-301F-11D3-BF4B-00C04F79EFBC}") = "DataAnnotatedModelValidations", "DataAnnotatedModelValidations\DataAnnotatedModelValidations.csproj", "{AEC165AE-62CD-483E-9E24-11BCDDC22119}"
EndProject
Project("{FAE04EC0-301F-11D3-BF4B-00C04F79EFBC}") = "DataAnnotatedModelValidationsTests", "DataAnnotatedModelValidationsTests\DataAnnotatedModelValidationsTests.csproj", "{79525E36-72E1-4F7B-B4EC-A922F80BA54E}"
EndProject
Global
	GlobalSection(SolutionConfigurationPlatforms) = preSolution
		Debug|Any CPU = Debug|Any CPU
		Release|Any CPU = Release|Any CPU
	EndGlobalSection
	GlobalSection(ProjectConfigurationPlatforms) = postSolution
		{AEC165AE-62CD-483E-9E24-11BCDDC22119}.Debug|Any CPU.ActiveCfg = Debug|Any CPU
		{AEC165AE-62CD-483E-9E24-11BCDDC22119}.Debug|Any CPU.Build.0 = Debug|Any CPU
		{AEC165AE-62CD-483E-9E24-11BCDDC22119}.Release|Any CPU.ActiveCfg = Release|Any CPU
		{AEC165AE-62CD-483E-9E24-11BCDDC22119}.Release|Any CPU.Build.0 = Release|Any CPU
		{79525E36-72E1-4F7B-B4EC-A922F80BA54E}.Debug|Any CPU.ActiveCfg = Debug|Any CPU
		{79525E36-72E1-4F7B-B4EC-A922F80BA54E}.Debug|Any CPU.Build.0 = Debug|Any CPU
		{79525E36-72E1-4F7B-B4EC-A922F80BA54E}.Release|Any CPU.ActiveCfg = Release|Any CPU
		{79525E36-72E1-4F7B-B4EC-A922F80BA54E}.Release|Any CPU.Build.0 = Release|Any CPU
	EndGlobalSection
	GlobalSection(SolutionProperties) = preSolution
		HideSolutionNode = FALSE
	EndGlobalSection
	GlobalSection(ExtensibilityGlobals) = postSolution
		SolutionGuid = {EC048ECB-C0FF-47B9-9622-D854796BCABD}
	EndGlobalSection
EndGlobal
